// !$*UTF8*$!
{
	archiveVersion = 1;
	classes = {
	};
	objectVersion = 46;
	objects = {

/* Begin PBXBuildFile section */
		41B55C6D19644F5E0019067D /* Foundation.framework in Frameworks */ = {isa = PBXBuildFile; fileRef = 41B55C6C19644F5E0019067D /* Foundation.framework */; };
		41B55C6F19644F5E0019067D /* CoreGraphics.framework in Frameworks */ = {isa = PBXBuildFile; fileRef = 41B55C6E19644F5E0019067D /* CoreGraphics.framework */; };
		41B55C7119644F5E0019067D /* UIKit.framework in Frameworks */ = {isa = PBXBuildFile; fileRef = 41B55C7019644F5E0019067D /* UIKit.framework */; };
		41B55C7719644F5E0019067D /* InfoPlist.strings in Resources */ = {isa = PBXBuildFile; fileRef = 41B55C7519644F5E0019067D /* InfoPlist.strings */; };
		41B55C7919644F5E0019067D /* main.m in Sources */ = {isa = PBXBuildFile; fileRef = 41B55C7819644F5E0019067D /* main.m */; };
		41B55C7D19644F5E0019067D /* IKAppDelegate.m in Sources */ = {isa = PBXBuildFile; fileRef = 41B55C7C19644F5E0019067D /* IKAppDelegate.m */; };
		41B55C7F19644F5E0019067D /* Images.xcassets in Resources */ = {isa = PBXBuildFile; fileRef = 41B55C7E19644F5E0019067D /* Images.xcassets */; };
		41B55C8619644F5E0019067D /* XCTest.framework in Frameworks */ = {isa = PBXBuildFile; fileRef = 41B55C8519644F5E0019067D /* XCTest.framework */; };
		41B55C8719644F5E0019067D /* Foundation.framework in Frameworks */ = {isa = PBXBuildFile; fileRef = 41B55C6C19644F5E0019067D /* Foundation.framework */; };
		41B55C8819644F5E0019067D /* UIKit.framework in Frameworks */ = {isa = PBXBuildFile; fileRef = 41B55C7019644F5E0019067D /* UIKit.framework */; };
		41B55C9019644F5E0019067D /* InfoPlist.strings in Resources */ = {isa = PBXBuildFile; fileRef = 41B55C8E19644F5E0019067D /* InfoPlist.strings */; };
		41B55C9219644F5E0019067D /* IKCaptureExampleTests.m in Sources */ = {isa = PBXBuildFile; fileRef = 41B55C9119644F5E0019067D /* IKCaptureExampleTests.m */; };
		41B55C9E19644FC50019067D /* IKMainViewController.m in Sources */ = {isa = PBXBuildFile; fileRef = 41B55C9C19644FC50019067D /* IKMainViewController.m */; };
		41B55C9F19644FC50019067D /* IKMainViewController.xib in Resources */ = {isa = PBXBuildFile; fileRef = 41B55C9D19644FC50019067D /* IKMainViewController.xib */; };
		41B55CA319644FE40019067D /* IKCapture.m in Sources */ = {isa = PBXBuildFile; fileRef = 41B55CA219644FE40019067D /* IKCapture.m */; };
/* End PBXBuildFile section */

/* Begin PBXContainerItemProxy section */
		41B55C8919644F5E0019067D /* PBXContainerItemProxy */ = {
			isa = PBXContainerItemProxy;
			containerPortal = 41B55C6119644F5E0019067D /* Project object */;
			proxyType = 1;
			remoteGlobalIDString = 41B55C6819644F5E0019067D;
			remoteInfo = IKCaptureExample;
		};
/* End PBXContainerItemProxy section */

/* Begin PBXFileReference section */
		41B55C6919644F5E0019067D /* IKCaptureExample.app */ = {isa = PBXFileReference; explicitFileType = wrapper.application; includeInIndex = 0; path = IKCaptureExample.app; sourceTree = BUILT_PRODUCTS_DIR; };
		41B55C6C19644F5E0019067D /* Foundation.framework */ = {isa = PBXFileReference; lastKnownFileType = wrapper.framework; name = Foundation.framework; path = System/Library/Frameworks/Foundation.framework; sourceTree = SDKROOT; };
		41B55C6E19644F5E0019067D /* CoreGraphics.framework */ = {isa = PBXFileReference; lastKnownFileType = wrapper.framework; name = CoreGraphics.framework; path = System/Library/Frameworks/CoreGraphics.framework; sourceTree = SDKROOT; };
		41B55C7019644F5E0019067D /* UIKit.framework */ = {isa = PBXFileReference; lastKnownFileType = wrapper.framework; name = UIKit.framework; path = System/Library/Frameworks/UIKit.framework; sourceTree = SDKROOT; };
		41B55C7419644F5E0019067D /* IKCaptureExample-Info.plist */ = {isa = PBXFileReference; lastKnownFileType = text.plist.xml; path = "IKCaptureExample-Info.plist"; sourceTree = "<group>"; };
		41B55C7619644F5E0019067D /* en */ = {isa = PBXFileReference; lastKnownFileType = text.plist.strings; name = en; path = en.lproj/InfoPlist.strings; sourceTree = "<group>"; };
		41B55C7819644F5E0019067D /* main.m */ = {isa = PBXFileReference; lastKnownFileType = sourcecode.c.objc; path = main.m; sourceTree = "<group>"; };
		41B55C7A19644F5E0019067D /* IKCaptureExample-Prefix.pch */ = {isa = PBXFileReference; lastKnownFileType = sourcecode.c.h; path = "IKCaptureExample-Prefix.pch"; sourceTree = "<group>"; };
		41B55C7B19644F5E0019067D /* IKAppDelegate.h */ = {isa = PBXFileReference; lastKnownFileType = sourcecode.c.h; path = IKAppDelegate.h; sourceTree = "<group>"; };
		41B55C7C19644F5E0019067D /* IKAppDelegate.m */ = {isa = PBXFileReference; lastKnownFileType = sourcecode.c.objc; path = IKAppDelegate.m; sourceTree = "<group>"; };
		41B55C7E19644F5E0019067D /* Images.xcassets */ = {isa = PBXFileReference; lastKnownFileType = folder.assetcatalog; path = Images.xcassets; sourceTree = "<group>"; };
		41B55C8419644F5E0019067D /* IKCaptureExampleTests.xctest */ = {isa = PBXFileReference; explicitFileType = wrapper.cfbundle; includeInIndex = 0; path = IKCaptureExampleTests.xctest; sourceTree = BUILT_PRODUCTS_DIR; };
		41B55C8519644F5E0019067D /* XCTest.framework */ = {isa = PBXFileReference; lastKnownFileType = wrapper.framework; name = XCTest.framework; path = Library/Frameworks/XCTest.framework; sourceTree = DEVELOPER_DIR; };
		41B55C8D19644F5E0019067D /* IKCaptureExampleTests-Info.plist */ = {isa = PBXFileReference; lastKnownFileType = text.plist.xml; path = "IKCaptureExampleTests-Info.plist"; sourceTree = "<group>"; };
		41B55C8F19644F5E0019067D /* en */ = {isa = PBXFileReference; lastKnownFileType = text.plist.strings; name = en; path = en.lproj/InfoPlist.strings; sourceTree = "<group>"; };
		41B55C9119644F5E0019067D /* IKCaptureExampleTests.m */ = {isa = PBXFileReference; lastKnownFileType = sourcecode.c.objc; path = IKCaptureExampleTests.m; sourceTree = "<group>"; };
		41B55C9B19644FC50019067D /* IKMainViewController.h */ = {isa = PBXFileReference; fileEncoding = 4; lastKnownFileType = sourcecode.c.h; path = IKMainViewController.h; sourceTree = "<group>"; };
		41B55C9C19644FC50019067D /* IKMainViewController.m */ = {isa = PBXFileReference; fileEncoding = 4; lastKnownFileType = sourcecode.c.objc; path = IKMainViewController.m; sourceTree = "<group>"; };
		41B55C9D19644FC50019067D /* IKMainViewController.xib */ = {isa = PBXFileReference; fileEncoding = 4; lastKnownFileType = file.xib; path = IKMainViewController.xib; sourceTree = "<group>"; };
		41B55CA119644FE40019067D /* IKCapture.h */ = {isa = PBXFileReference; fileEncoding = 4; lastKnownFileType = sourcecode.c.h; path = IKCapture.h; sourceTree = "<group>"; };
		41B55CA219644FE40019067D /* IKCapture.m */ = {isa = PBXFileReference; fileEncoding = 4; lastKnownFileType = sourcecode.c.objc; path = IKCapture.m; sourceTree = "<group>"; };
/* End PBXFileReference section */

/* Begin PBXFrameworksBuildPhase section */
		41B55C6619644F5E0019067D /* Frameworks */ = {
			isa = PBXFrameworksBuildPhase;
			buildActionMask = 2147483647;
			files = (
				41B55C6F19644F5E0019067D /* CoreGraphics.framework in Frameworks */,
				41B55C7119644F5E0019067D /* UIKit.framework in Frameworks */,
				41B55C6D19644F5E0019067D /* Foundation.framework in Frameworks */,
			);
			runOnlyForDeploymentPostprocessing = 0;
		};
		41B55C8119644F5E0019067D /* Frameworks */ = {
			isa = PBXFrameworksBuildPhase;
			buildActionMask = 2147483647;
			files = (
				41B55C8619644F5E0019067D /* XCTest.framework in Frameworks */,
				41B55C8819644F5E0019067D /* UIKit.framework in Frameworks */,
				41B55C8719644F5E0019067D /* Foundation.framework in Frameworks */,
			);
			runOnlyForDeploymentPostprocessing = 0;
		};
/* End PBXFrameworksBuildPhase section */

/* Begin PBXGroup section */
		41B55C6019644F5E0019067D = {
			isa = PBXGroup;
			children = (
				41B55CA019644FE40019067D /* IKCapture */,
				41B55C7219644F5E0019067D /* IKCaptureExample */,
				41B55C8B19644F5E0019067D /* IKCaptureExampleTests */,
				41B55C6B19644F5E0019067D /* Frameworks */,
				41B55C6A19644F5E0019067D /* Products */,
			);
			sourceTree = "<group>";
		};
		41B55C6A19644F5E0019067D /* Products */ = {
			isa = PBXGroup;
			children = (
				41B55C6919644F5E0019067D /* IKCaptureExample.app */,
				41B55C8419644F5E0019067D /* IKCaptureExampleTests.xctest */,
			);
			name = Products;
			sourceTree = "<group>";
		};
		41B55C6B19644F5E0019067D /* Frameworks */ = {
			isa = PBXGroup;
			children = (
				41B55C6C19644F5E0019067D /* Foundation.framework */,
				41B55C6E19644F5E0019067D /* CoreGraphics.framework */,
				41B55C7019644F5E0019067D /* UIKit.framework */,
				41B55C8519644F5E0019067D /* XCTest.framework */,
			);
			name = Frameworks;
			sourceTree = "<group>";
		};
		41B55C7219644F5E0019067D /* IKCaptureExample */ = {
			isa = PBXGroup;
			children = (
				41B55C7B19644F5E0019067D /* IKAppDelegate.h */,
				41B55C7C19644F5E0019067D /* IKAppDelegate.m */,
				41B55C7E19644F5E0019067D /* Images.xcassets */,
				41B55C7319644F5E0019067D /* Supporting Files */,
				41B55C9B19644FC50019067D /* IKMainViewController.h */,
				41B55C9C19644FC50019067D /* IKMainViewController.m */,
				41B55C9D19644FC50019067D /* IKMainViewController.xib */,
			);
			path = IKCaptureExample;
			sourceTree = "<group>";
		};
		41B55C7319644F5E0019067D /* Supporting Files */ = {
			isa = PBXGroup;
			children = (
				41B55C7419644F5E0019067D /* IKCaptureExample-Info.plist */,
				41B55C7519644F5E0019067D /* InfoPlist.strings */,
				41B55C7819644F5E0019067D /* main.m */,
				41B55C7A19644F5E0019067D /* IKCaptureExample-Prefix.pch */,
			);
			name = "Supporting Files";
			sourceTree = "<group>";
		};
		41B55C8B19644F5E0019067D /* IKCaptureExampleTests */ = {
			isa = PBXGroup;
			children = (
				41B55C9119644F5E0019067D /* IKCaptureExampleTests.m */,
				41B55C8C19644F5E0019067D /* Supporting Files */,
			);
			path = IKCaptureExampleTests;
			sourceTree = "<group>";
		};
		41B55C8C19644F5E0019067D /* Supporting Files */ = {
			isa = PBXGroup;
			children = (
				41B55C8D19644F5E0019067D /* IKCaptureExampleTests-Info.plist */,
				41B55C8E19644F5E0019067D /* InfoPlist.strings */,
			);
			name = "Supporting Files";
			sourceTree = "<group>";
		};
		41B55CA019644FE40019067D /* IKCapture */ = {
			isa = PBXGroup;
			children = (
				41B55CA119644FE40019067D /* IKCapture.h */,
				41B55CA219644FE40019067D /* IKCapture.m */,
			);
			name = IKCapture;
			path = ../IKCapture;
			sourceTree = "<group>";
		};
/* End PBXGroup section */

/* Begin PBXNativeTarget section */
		41B55C6819644F5E0019067D /* IKCaptureExample */ = {
			isa = PBXNativeTarget;
			buildConfigurationList = 41B55C9519644F5E0019067D /* Build configuration list for PBXNativeTarget "IKCaptureExample" */;
			buildPhases = (
				41B55C6519644F5E0019067D /* Sources */,
				41B55C6619644F5E0019067D /* Frameworks */,
				41B55C6719644F5E0019067D /* Resources */,
			);
			buildRules = (
			);
			dependencies = (
			);
			name = IKCaptureExample;
			productName = IKCaptureExample;
			productReference = 41B55C6919644F5E0019067D /* IKCaptureExample.app */;
			productType = "com.apple.product-type.application";
		};
		41B55C8319644F5E0019067D /* IKCaptureExampleTests */ = {
			isa = PBXNativeTarget;
			buildConfigurationList = 41B55C9819644F5E0019067D /* Build configuration list for PBXNativeTarget "IKCaptureExampleTests" */;
			buildPhases = (
				41B55C8019644F5E0019067D /* Sources */,
				41B55C8119644F5E0019067D /* Frameworks */,
				41B55C8219644F5E0019067D /* Resources */,
			);
			buildRules = (
			);
			dependencies = (
				41B55C8A19644F5E0019067D /* PBXTargetDependency */,
			);
			name = IKCaptureExampleTests;
			productName = IKCaptureExampleTests;
			productReference = 41B55C8419644F5E0019067D /* IKCaptureExampleTests.xctest */;
			productType = "com.apple.product-type.bundle.unit-test";
		};
/* End PBXNativeTarget section */

/* Begin PBXProject section */
		41B55C6119644F5E0019067D /* Project object */ = {
			isa = PBXProject;
			attributes = {
				CLASSPREFIX = IK;
				LastUpgradeCheck = 0510;
				ORGANIZATIONNAME = Inaka;
				TargetAttributes = {
					41B55C8319644F5E0019067D = {
						TestTargetID = 41B55C6819644F5E0019067D;
					};
				};
			};
			buildConfigurationList = 41B55C6419644F5E0019067D /* Build configuration list for PBXProject "IKCaptureExample" */;
			compatibilityVersion = "Xcode 3.2";
			developmentRegion = English;
			hasScannedForEncodings = 0;
			knownRegions = (
				en,
			);
			mainGroup = 41B55C6019644F5E0019067D;
			productRefGroup = 41B55C6A19644F5E0019067D /* Products */;
			projectDirPath = "";
			projectRoot = "";
			targets = (
				41B55C6819644F5E0019067D /* IKCaptureExample */,
				41B55C8319644F5E0019067D /* IKCaptureExampleTests */,
			);
		};
/* End PBXProject section */

/* Begin PBXResourcesBuildPhase section */
		41B55C6719644F5E0019067D /* Resources */ = {
			isa = PBXResourcesBuildPhase;
			buildActionMask = 2147483647;
			files = (
				41B55C7719644F5E0019067D /* InfoPlist.strings in Resources */,
				41B55C7F19644F5E0019067D /* Images.xcassets in Resources */,
				41B55C9F19644FC50019067D /* IKMainViewController.xib in Resources */,
			);
			runOnlyForDeploymentPostprocessing = 0;
		};
		41B55C8219644F5E0019067D /* Resources */ = {
			isa = PBXResourcesBuildPhase;
			buildActionMask = 2147483647;
			files = (
				41B55C9019644F5E0019067D /* InfoPlist.strings in Resources */,
			);
			runOnlyForDeploymentPostprocessing = 0;
		};
/* End PBXResourcesBuildPhase section */

/* Begin PBXSourcesBuildPhase section */
		41B55C6519644F5E0019067D /* Sources */ = {
			isa = PBXSourcesBuildPhase;
			buildActionMask = 2147483647;
			files = (
				41B55C9E19644FC50019067D /* IKMainViewController.m in Sources */,
				41B55C7D19644F5E0019067D /* IKAppDelegate.m in Sources */,
				41B55CA319644FE40019067D /* IKCapture.m in Sources */,
				41B55C7919644F5E0019067D /* main.m in Sources */,
			);
			runOnlyForDeploymentPostprocessing = 0;
		};
		41B55C8019644F5E0019067D /* Sources */ = {
			isa = PBXSourcesBuildPhase;
			buildActionMask = 2147483647;
			files = (
				41B55C9219644F5E0019067D /* IKCaptureExampleTests.m in Sources */,
			);
			runOnlyForDeploymentPostprocessing = 0;
		};
/* End PBXSourcesBuildPhase section */

/* Begin PBXTargetDependency section */
		41B55C8A19644F5E0019067D /* PBXTargetDependency */ = {
			isa = PBXTargetDependency;
			target = 41B55C6819644F5E0019067D /* IKCaptureExample */;
			targetProxy = 41B55C8919644F5E0019067D /* PBXContainerItemProxy */;
		};
/* End PBXTargetDependency section */

/* Begin PBXVariantGroup section */
		41B55C7519644F5E0019067D /* InfoPlist.strings */ = {
			isa = PBXVariantGroup;
			children = (
				41B55C7619644F5E0019067D /* en */,
			);
			name = InfoPlist.strings;
			sourceTree = "<group>";
		};
		41B55C8E19644F5E0019067D /* InfoPlist.strings */ = {
			isa = PBXVariantGroup;
			children = (
				41B55C8F19644F5E0019067D /* en */,
			);
			name = InfoPlist.strings;
			sourceTree = "<group>";
		};
/* End PBXVariantGroup section */

/* Begin XCBuildConfiguration section */
		41B55C9319644F5E0019067D /* Debug */ = {
			isa = XCBuildConfiguration;
			buildSettings = {
				ALWAYS_SEARCH_USER_PATHS = NO;
				CLANG_CXX_LANGUAGE_STANDARD = "gnu++0x";
				CLANG_CXX_LIBRARY = "libc++";
				CLANG_ENABLE_MODULES = YES;
				CLANG_ENABLE_OBJC_ARC = YES;
				CLANG_WARN_BOOL_CONVERSION = YES;
				CLANG_WARN_CONSTANT_CONVERSION = YES;
				CLANG_WARN_DIRECT_OBJC_ISA_USAGE = YES_ERROR;
				CLANG_WARN_EMPTY_BODY = YES;
				CLANG_WARN_ENUM_CONVERSION = YES;
				CLANG_WARN_INT_CONVERSION = YES;
				CLANG_WARN_OBJC_ROOT_CLASS = YES_ERROR;
				CLANG_WARN__DUPLICATE_METHOD_MATCH = YES;
				"CODE_SIGN_IDENTITY[sdk=iphoneos*]" = "iPhone Developer";
				COPY_PHASE_STRIP = NO;
				GCC_C_LANGUAGE_STANDARD = gnu99;
				GCC_DYNAMIC_NO_PIC = NO;
				GCC_OPTIMIZATION_LEVEL = 0;
				GCC_PREPROCESSOR_DEFINITIONS = (
					"DEBUG=1",
					"$(inherited)",
				);
				GCC_SYMBOLS_PRIVATE_EXTERN = NO;
				GCC_WARN_64_TO_32_BIT_CONVERSION = YES;
				GCC_WARN_ABOUT_RETURN_TYPE = YES_ERROR;
				GCC_WARN_UNDECLARED_SELECTOR = YES;
				GCC_WARN_UNINITIALIZED_AUTOS = YES_AGGRESSIVE;
				GCC_WARN_UNUSED_FUNCTION = YES;
				GCC_WARN_UNUSED_VARIABLE = YES;
				IPHONEOS_DEPLOYMENT_TARGET = 7.1;
				ONLY_ACTIVE_ARCH = YES;
				SDKROOT = iphoneos;
			};
			name = Debug;
		};
		41B55C9419644F5E0019067D /* Release */ = {
			isa = XCBuildConfiguration;
			buildSettings = {
				ALWAYS_SEARCH_USER_PATHS = NO;
				CLANG_CXX_LANGUAGE_STANDARD = "gnu++0x";
				CLANG_CXX_LIBRARY = "libc++";
				CLANG_ENABLE_MODULES = YES;
				CLANG_ENABLE_OBJC_ARC = YES;
				CLANG_WARN_BOOL_CONVERSION = YES;
				CLANG_WARN_CONSTANT_CONVERSION = YES;
				CLANG_WARN_DIRECT_OBJC_ISA_USAGE = YES_ERROR;
				CLANG_WARN_EMPTY_BODY = YES;
				CLANG_WARN_ENUM_CONVERSION = YES;
				CLANG_WARN_INT_CONVERSION = YES;
				CLANG_WARN_OBJC_ROOT_CLASS = YES_ERROR;
				CLANG_WARN__DUPLICATE_METHOD_MATCH = YES;
				"CODE_SIGN_IDENTITY[sdk=iphoneos*]" = "iPhone Developer";
				COPY_PHASE_STRIP = YES;
				ENABLE_NS_ASSERTIONS = NO;
				GCC_C_LANGUAGE_STANDARD = gnu99;
				GCC_WARN_64_TO_32_BIT_CONVERSION = YES;
				GCC_WARN_ABOUT_RETURN_TYPE = YES_ERROR;
				GCC_WARN_UNDECLARED_SELECTOR = YES;
				GCC_WARN_UNINITIALIZED_AUTOS = YES_AGGRESSIVE;
				GCC_WARN_UNUSED_FUNCTION = YES;
				GCC_WARN_UNUSED_VARIABLE = YES;
				IPHONEOS_DEPLOYMENT_TARGET = 7.1;
				SDKROOT = iphoneos;
				VALIDATE_PRODUCT = YES;
			};
			name = Release;
		};
		41B55C9619644F5E0019067D /* Debug */ = {
			isa = XCBuildConfiguration;
			buildSettings = {
				ASSETCATALOG_COMPILER_APPICON_NAME = AppIcon;
				ASSETCATALOG_COMPILER_LAUNCHIMAGE_NAME = LaunchImage;
				GCC_PRECOMPILE_PREFIX_HEADER = YES;
				GCC_PREFIX_HEADER = "IKCaptureExample/IKCaptureExample-Prefix.pch";
				INFOPLIST_FILE = "IKCaptureExample/IKCaptureExample-Info.plist";
				PRODUCT_NAME = "$(TARGET_NAME)";
				WRAPPER_EXTENSION = app;
			};
			name = Debug;
		};
		41B55C9719644F5E0019067D /* Release */ = {
			isa = XCBuildConfiguration;
			buildSettings = {
				ASSETCATALOG_COMPILER_APPICON_NAME = AppIcon;
				ASSETCATALOG_COMPILER_LAUNCHIMAGE_NAME = LaunchImage;
				GCC_PRECOMPILE_PREFIX_HEADER = YES;
				GCC_PREFIX_HEADER = "IKCaptureExample/IKCaptureExample-Prefix.pch";
				INFOPLIST_FILE = "IKCaptureExample/IKCaptureExample-Info.plist";
				PRODUCT_NAME = "$(TARGET_NAME)";
				WRAPPER_EXTENSION = app;
			};
			name = Release;
		};
		41B55C9919644F5E0019067D /* Debug */ = {
			isa = XCBuildConfiguration;
			buildSettings = {
				BUNDLE_LOADER = "$(BUILT_PRODUCTS_DIR)/IKCaptureExample.app/IKCaptureExample";
				FRAMEWORK_SEARCH_PATHS = (
					"$(SDKROOT)/Developer/Library/Frameworks",
					"$(inherited)",
					"$(DEVELOPER_FRAMEWORKS_DIR)",
				);
				GCC_PRECOMPILE_PREFIX_HEADER = YES;
				GCC_PREFIX_HEADER = "IKCaptureExample/IKCaptureExample-Prefix.pch";
				GCC_PREPROCESSOR_DEFINITIONS = (
					"DEBUG=1",
					"$(inherited)",
				);
				INFOPLIST_FILE = "IKCaptureExampleTests/IKCaptureExampleTests-Info.plist";
				PRODUCT_NAME = "$(TARGET_NAME)";
				TEST_HOST = "$(BUNDLE_LOADER)";
				WRAPPER_EXTENSION = xctest;
			};
			name = Debug;
		};
		41B55C9A19644F5E0019067D /* Release */ = {
			isa = XCBuildConfiguration;
			buildSettings = {
				BUNDLE_LOADER = "$(BUILT_PRODUCTS_DIR)/IKCaptureExample.app/IKCaptureExample";
				FRAMEWORK_SEARCH_PATHS = (
					"$(SDKROOT)/Developer/Library/Frameworks",
					"$(inherited)",
					"$(DEVELOPER_FRAMEWORKS_DIR)",
				);
				GCC_PRECOMPILE_PREFIX_HEADER = YES;
				GCC_PREFIX_HEADER = "IKCaptureExample/IKCaptureExample-Prefix.pch";
				INFOPLIST_FILE = "IKCaptureExampleTests/IKCaptureExampleTests-Info.plist";
				PRODUCT_NAME = "$(TARGET_NAME)";
				TEST_HOST = "$(BUNDLE_LOADER)";
				WRAPPER_EXTENSION = xctest;
			};
			name = Release;
		};
/* End XCBuildConfiguration section */

/* Begin XCConfigurationList section */
		41B55C6419644F5E0019067D /* Build configuration list for PBXProject "IKCaptureExample" */ = {
			isa = XCConfigurationList;
			buildConfigurations = (
				41B55C9319644F5E0019067D /* Debug */,
				41B55C9419644F5E0019067D /* Release */,
			);
			defaultConfigurationIsVisible = 0;
			defaultConfigurationName = Release;
		};
		41B55C9519644F5E0019067D /* Build configuration list for PBXNativeTarget "IKCaptureExample" */ = {
			isa = XCConfigurationList;
			buildConfigurations = (
				41B55C9619644F5E0019067D /* Debug */,
				41B55C9719644F5E0019067D /* Release */,
			);
			defaultConfigurationIsVisible = 0;
		};
		41B55C9819644F5E0019067D /* Build configuration list for PBXNativeTarget "IKCaptureExampleTests" */ = {
			isa = XCConfigurationList;
			buildConfigurations = (
				41B55C9919644F5E0019067D /* Debug */,
				41B55C9A19644F5E0019067D /* Release */,
			);
			defaultConfigurationIsVisible = 0;
		};
/* End XCConfigurationList section */
	};
	rootObject = 41B55C6119644F5E0019067D /* Project object */;
}
